{
  "requires": true,
  "lockfileVersion": 1,
  "dependencies": {
    "@yaireo/tagify": {
      "version": "3.2.3",
      "resolved": "https://registry.npmjs.org/@yaireo/tagify/-/tagify-3.2.3.tgz",
      "integrity": "sha512-aokkbwZ2HJOrHns9Q9swupdLsTe32+/nukgw8ycZlUc3sYwxIEqtFpaplH7JMBVeigAThpjbYwct9M+L7lkRgA=="
    }
  }
}
